
Microsoft Visual Studio Solution File, Format Version 12.00
# Visual Studio Version 16
VisualStudioVersion = 16.0.31105.61
MinimumVisualStudioVersion = 10.0.40219.1
Project("{2150E333-8FDC-42A3-9474-1A3956D46DE8}") = "Application", "Application", "{FE488EBF-E6D0-4831-87B4-F31602264C04}"
EndProject
Project("{2150E333-8FDC-42A3-9474-1A3956D46DE8}") = "Domain", "Domain", "{AA34A552-3F21-47DF-976F-A73F33D7E4FB}"
EndProject
Project("{2150E333-8FDC-42A3-9474-1A3956D46DE8}") = "Infra.IoC", "Infra.IoC", "{12279CFB-104E-42FC-B4B4-44518CDFFFD9}"
EndProject
Project("{2150E333-8FDC-42A3-9474-1A3956D46DE8}") = "Infra.Data", "Infra.Data", "{98C16374-C7D8-46B6-B5BF-652FE20EE0C9}"
EndProject
Project("{2150E333-8FDC-42A3-9474-1A3956D46DE8}") = "Presentation", "Presentation", "{9D490FF4-45AE-404D-8557-3CB5E518CC23}"
EndProject
Project("{9A19103F-16F7-4668-BE54-9A1E7A4F7556}") = "CleanArch.Mvc", "CleanArch.Mvc\CleanArch.Mvc.csproj", "{22112AFE-47B9-4AB7-9AB3-8542573C030C}"
EndProject
Project("{9A19103F-16F7-4668-BE54-9A1E7A4F7556}") = "CleanArch.Domain", "CleanArch.Domain\CleanArch.Domain.csproj", "{78AB351F-213A-45C9-BC55-49D13704947A}"
EndProject
Project("{FAE04EC0-301F-11D3-BF4B-00C04F79EFBC}") = "CleanArch.Infra.Data", "CleanArch.Infra.Data\CleanArch.Infra.Data.csproj", "{3955FF6B-B8AD-428E-B5F4-3CC878AA6A99}"
EndProject
Project("{FAE04EC0-301F-11D3-BF4B-00C04F79EFBC}") = "CleanArch.Application", "CleanArch.Application\CleanArch.Application.csproj", "{AD0EC360-45B7-4279-AB28-EDF164149A43}"
EndProject
Project("{FAE04EC0-301F-11D3-BF4B-00C04F79EFBC}") = "CleanArch.Infra.IoC", "CleanArch.Infra.IoC\CleanArch.Infra.IoC.csproj", "{DAD3206F-8CF1-4779-AF78-E0D8806A202F}"
EndProject
Project("{2150E333-8FDC-42A3-9474-1A3956D46DE8}") = "Infra.Bus", "Infra.Bus", "{F7CBADC1-6A80-4ED9-A85B-6B9E842593A2}"
EndProject
Project("{2150E333-8FDC-42A3-9474-1A3956D46DE8}") = "Api", "Api", "{0080C343-9149-4381-BB8A-CA39EB4D4C81}"
EndProject
Project("{FAE04EC0-301F-11D3-BF4B-00C04F79EFBC}") = "CleanArch.Infra.Bus", "CleanArch.Infra.Bus\CleanArch.Infra.Bus.csproj", "{5C451CA6-49E8-494C-9927-30B302AB7BB5}"
EndProject
Global
	GlobalSection(SolutionConfigurationPlatforms) = preSolution
		Debug|Any CPU = Debug|Any CPU
		Release|Any CPU = Release|Any CPU
	EndGlobalSection
	GlobalSection(ProjectConfigurationPlatforms) = postSolution
		{22112AFE-47B9-4AB7-9AB3-8542573C030C}.Debug|Any CPU.ActiveCfg = Debug|Any CPU
		{22112AFE-47B9-4AB7-9AB3-8542573C030C}.Debug|Any CPU.Build.0 = Debug|Any CPU
		{22112AFE-47B9-4AB7-9AB3-8542573C030C}.Release|Any CPU.ActiveCfg = Release|Any CPU
		{22112AFE-47B9-4AB7-9AB3-8542573C030C}.Release|Any CPU.Build.0 = Release|Any CPU
		{78AB351F-213A-45C9-BC55-49D13704947A}.Debug|Any CPU.ActiveCfg = Debug|Any CPU
		{78AB351F-213A-45C9-BC55-49D13704947A}.Debug|Any CPU.Build.0 = Debug|Any CPU
		{78AB351F-213A-45C9-BC55-49D13704947A}.Release|Any CPU.ActiveCfg = Release|Any CPU
		{78AB351F-213A-45C9-BC55-49D13704947A}.Release|Any CPU.Build.0 = Release|Any CPU
		{3955FF6B-B8AD-428E-B5F4-3CC878AA6A99}.Debug|Any CPU.ActiveCfg = Debug|Any CPU
		{3955FF6B-B8AD-428E-B5F4-3CC878AA6A99}.Debug|Any CPU.Build.0 = Debug|Any CPU
		{3955FF6B-B8AD-428E-B5F4-3CC878AA6A99}.Release|Any CPU.ActiveCfg = Release|Any CPU
		{3955FF6B-B8AD-428E-B5F4-3CC878AA6A99}.Release|Any CPU.Build.0 = Release|Any CPU
		{AD0EC360-45B7-4279-AB28-EDF164149A43}.Debug|Any CPU.ActiveCfg = Debug|Any CPU
		{AD0EC360-45B7-4279-AB28-EDF164149A43}.Debug|Any CPU.Build.0 = Debug|Any CPU
		{AD0EC360-45B7-4279-AB28-EDF164149A43}.Release|Any CPU.ActiveCfg = Release|Any CPU
		{AD0EC360-45B7-4279-AB28-EDF164149A43}.Release|Any CPU.Build.0 = Release|Any CPU
		{DAD3206F-8CF1-4779-AF78-E0D8806A202F}.Debug|Any CPU.ActiveCfg = Debug|Any CPU
		{DAD3206F-8CF1-4779-AF78-E0D8806A202F}.Debug|Any CPU.Build.0 = Debug|Any CPU
		{DAD3206F-8CF1-4779-AF78-E0D8806A202F}.Release|Any CPU.ActiveCfg = Release|Any CPU
		{DAD3206F-8CF1-4779-AF78-E0D8806A202F}.Release|Any CPU.Build.0 = Release|Any CPU
		{5C451CA6-49E8-494C-9927-30B302AB7BB5}.Debug|Any CPU.ActiveCfg = Debug|Any CPU
		{5C451CA6-49E8-494C-9927-30B302AB7BB5}.Debug|Any CPU.Build.0 = Debug|Any CPU
		{5C451CA6-49E8-494C-9927-30B302AB7BB5}.Release|Any CPU.ActiveCfg = Release|Any CPU
		{5C451CA6-49E8-494C-9927-30B302AB7BB5}.Release|Any CPU.Build.0 = Release|Any CPU
	EndGlobalSection
	GlobalSection(SolutionProperties) = preSolution
		HideSolutionNode = FALSE
	EndGlobalSection
	GlobalSection(NestedProjects) = preSolution
		{22112AFE-47B9-4AB7-9AB3-8542573C030C} = {9D490FF4-45AE-404D-8557-3CB5E518CC23}
		{78AB351F-213A-45C9-BC55-49D13704947A} = {AA34A552-3F21-47DF-976F-A73F33D7E4FB}
		{3955FF6B-B8AD-428E-B5F4-3CC878AA6A99} = {98C16374-C7D8-46B6-B5BF-652FE20EE0C9}
		{AD0EC360-45B7-4279-AB28-EDF164149A43} = {FE488EBF-E6D0-4831-87B4-F31602264C04}
		{DAD3206F-8CF1-4779-AF78-E0D8806A202F} = {12279CFB-104E-42FC-B4B4-44518CDFFFD9}
		{5C451CA6-49E8-494C-9927-30B302AB7BB5} = {F7CBADC1-6A80-4ED9-A85B-6B9E842593A2}
	EndGlobalSection
	GlobalSection(ExtensibilityGlobals) = postSolution
		SolutionGuid = {4543A2DD-82E5-48F0-8C3B-9A7C9EB5B244}
	EndGlobalSection
EndGlobal
